name: lock-or-unlock

on:
  issue_comment:
    types: [created]

permissions: write-all

jobs:
  lock-or-unlock:
    runs-on: ubuntu-latest
    steps:
      # Lock or Unlock via a comment (ex: .lock or .unlock)
      - uses: github/lock@v2.0.0
        id: lock
        with:
          github_token: ${{ github.token }}
